
Microsoft Visual Studio Solution File, Format Version 12.00
# Visual Studio 15
VisualStudioVersion = 15.0.26730.8
MinimumVisualStudioVersion = 10.0.40219.1
Project("{FAE04EC0-301F-11D3-BF4B-00C04F79EFBC}") = "ComputerInfo", "ComputerInfo\ComputerInfo.csproj", "{E3119809-4CD7-4BFB-B2CC-947F99C43C97}"
EndProject
Project("{FAE04EC0-301F-11D3-BF4B-00C04F79EFBC}") = "Testing", "Testing\Testing.csproj", "{FDAD1032-C2D8-453D-A92F-E3BC2C7C6DC5}"
EndProject
Global
	GlobalSection(SolutionConfigurationPlatforms) = preSolution
		Debug|Any CPU = Debug|Any CPU
		Release|Any CPU = Release|Any CPU
	EndGlobalSection
	GlobalSection(ProjectConfigurationPlatforms) = postSolution
		{E3119809-4CD7-4BFB-B2CC-947F99C43C97}.Debug|Any CPU.ActiveCfg = Debug|Any CPU
		{E3119809-4CD7-4BFB-B2CC-947F99C43C97}.Debug|Any CPU.Build.0 = Debug|Any CPU
		{E3119809-4CD7-4BFB-B2CC-947F99C43C97}.Release|Any CPU.ActiveCfg = Release|Any CPU
		{E3119809-4CD7-4BFB-B2CC-947F99C43C97}.Release|Any CPU.Build.0 = Release|Any CPU
		{FDAD1032-C2D8-453D-A92F-E3BC2C7C6DC5}.Debug|Any CPU.ActiveCfg = Debug|Any CPU
		{FDAD1032-C2D8-453D-A92F-E3BC2C7C6DC5}.Debug|Any CPU.Build.0 = Debug|Any CPU
		{FDAD1032-C2D8-453D-A92F-E3BC2C7C6DC5}.Release|Any CPU.ActiveCfg = Release|Any CPU
		{FDAD1032-C2D8-453D-A92F-E3BC2C7C6DC5}.Release|Any CPU.Build.0 = Release|Any CPU
	EndGlobalSection
	GlobalSection(SolutionProperties) = preSolution
		HideSolutionNode = FALSE
	EndGlobalSection
	GlobalSection(ExtensibilityGlobals) = postSolution
		SolutionGuid = {04EA614C-9384-49D9-87A1-B20A36ACE52E}
	EndGlobalSection
EndGlobal
